# This file is generated by running "yarn install" inside your project.
# Manual changes might be lost - proceed with caution!

__metadata:
  version: 6
  cacheKey: 8

"@actions/core@npm:^1.2.6":
  version: 1.9.1
  resolution: "@actions/core@npm:1.9.1"
  dependencies:
    "@actions/http-client": ^2.0.1
    uuid: ^8.3.2
  checksum: 8f9823bed2e172fcabb65a63e136f98bbd0614bf37b5012caff4d3216471de19956e6bc0ed2767c52bccc3d02a7450a3b902a83f56bfa255477858c6341d1e2e
  languageName: node
  linkType: hard

"@actions/exec@npm:^1.0.3":
  version: 1.1.1
  resolution: "@actions/exec@npm:1.1.1"
  dependencies:
    "@actions/io": ^1.0.1
  checksum: d976e66dd51ab03d76a143da8e1406daa1bcdee06046168e6e0bec681c87a12999eefaad7a81cb81f28e4190610f55a58b8458ae4b82cbaaba13200490f4e8c2
  languageName: node
  linkType: hard

"@actions/http-client@npm:^2.0.1":
  version: 2.0.1
  resolution: "@actions/http-client@npm:2.0.1"
  dependencies:
    tunnel: ^0.0.6
  checksum: 799ec3df91e28a9da91ce6592e94f8b8923ccf6cc21a2f72c7429be5af5273f1625335411adc2a1bb222d56c852d5767214dfa6fa32a6da7e81dba8290e08f17
  languageName: node
  linkType: hard

"@actions/io@npm:^1.0.1":
  version: 1.1.2
  resolution: "@actions/io@npm:1.1.2"
  checksum: 3c6583c4557abf6c95e9cfc9b6377045e65ba2c5dd4863f4feedd6be9daf4f6b60e588ab0151d5626b5f8320a37f05b8d44ab5c329b8c19f65be31b0616e1464
  languageName: node
  linkType: hard

"dynamodb-action@workspace:.":
  version: 0.0.0-use.local
  resolution: "dynamodb-action@workspace:."
  dependencies:
    "@actions/core": ^1.2.6
    "@actions/exec": ^1.0.3
  languageName: unknown
  linkType: soft

"tunnel@npm:^0.0.6":
  version: 0.0.6
  resolution: "tunnel@npm:0.0.6"
  checksum: c362948df9ad34b649b5585e54ce2838fa583aa3037091aaed66793c65b423a264e5229f0d7e9a95513a795ac2bd4cb72cda7e89a74313f182c1e9ae0b0994fa
  languageName: node
  linkType: hard

"uuid@npm:^8.3.2":
  version: 8.3.2
  resolution: "uuid@npm:8.3.2"
  bin:
    uuid: dist/bin/uuid
  checksum: 5575a8a75c13120e2f10e6ddc801b2c7ed7d8f3c8ac22c7ed0c7b2ba6383ec0abda88c905085d630e251719e0777045ae3236f04c812184b7c765f63a70e58df
  languageName: node
  linkType: hard
